
Microsoft Visual Studio Solution File, Format Version 12.00
# Visual Studio Version 17
VisualStudioVersion = 17.5.002.0
MinimumVisualStudioVersion = 10.0.40219.1
Project("{2150E333-8FDC-42A3-9474-1A3956D46DE8}") = "Play.Catalog", "Play.Catalog", "{4659861C-9C6B-4AFD-B398-6F221FF6D0B1}"
EndProject
Project("{2150E333-8FDC-42A3-9474-1A3956D46DE8}") = "src", "src", "{5DF1426B-8244-4BB6-8C6D-2FB5EB342E33}"
EndProject
Project("{9A19103F-16F7-4668-BE54-9A1E7A4F7556}") = "Play.Catalog.Service", "Play.Catalog\src\Play.Catalog.Service\Play.Catalog.Service.csproj", "{1CD96A28-4FAC-402C-846E-759250508B56}"
EndProject
Global
	GlobalSection(SolutionConfigurationPlatforms) = preSolution
		Debug|Any CPU = Debug|Any CPU
		Release|Any CPU = Release|Any CPU
	EndGlobalSection
	GlobalSection(ProjectConfigurationPlatforms) = postSolution
		{1CD96A28-4FAC-402C-846E-759250508B56}.Debug|Any CPU.ActiveCfg = Debug|Any CPU
		{1CD96A28-4FAC-402C-846E-759250508B56}.Debug|Any CPU.Build.0 = Debug|Any CPU
		{1CD96A28-4FAC-402C-846E-759250508B56}.Release|Any CPU.ActiveCfg = Release|Any CPU
		{1CD96A28-4FAC-402C-846E-759250508B56}.Release|Any CPU.Build.0 = Release|Any CPU
	EndGlobalSection
	GlobalSection(SolutionProperties) = preSolution
		HideSolutionNode = FALSE
	EndGlobalSection
	GlobalSection(NestedProjects) = preSolution
		{5DF1426B-8244-4BB6-8C6D-2FB5EB342E33} = {4659861C-9C6B-4AFD-B398-6F221FF6D0B1}
		{1CD96A28-4FAC-402C-846E-759250508B56} = {5DF1426B-8244-4BB6-8C6D-2FB5EB342E33}
	EndGlobalSection
	GlobalSection(ExtensibilityGlobals) = postSolution
		SolutionGuid = {63A82CF3-5F5A-4C31-83DC-C21740C64BCB}
	EndGlobalSection
EndGlobal
